
Microsoft Visual Studio Solution File, Format Version 12.00
# Visual Studio Version 17
VisualStudioVersion = 17.9.34622.214
MinimumVisualStudioVersion = 10.0.40219.1
Project("{FAE04EC0-301F-11D3-BF4B-00C04F79EFBC}") = "Panda", "Panda\Panda.csproj", "{A176C9B0-C604-4402-97FC-543AC17DDBBB}"
EndProject
Global
	GlobalSection(SolutionConfigurationPlatforms) = preSolution
		Debug|Any CPU = Debug|Any CPU
		Release|Any CPU = Release|Any CPU
	EndGlobalSection
	GlobalSection(ProjectConfigurationPlatforms) = postSolution
		{A176C9B0-C604-4402-97FC-543AC17DDBBB}.Debug|Any CPU.ActiveCfg = Debug|Any CPU
		{A176C9B0-C604-4402-97FC-543AC17DDBBB}.Debug|Any CPU.Build.0 = Debug|Any CPU
		{A176C9B0-C604-4402-97FC-543AC17DDBBB}.Release|Any CPU.ActiveCfg = Release|Any CPU
		{A176C9B0-C604-4402-97FC-543AC17DDBBB}.Release|Any CPU.Build.0 = Release|Any CPU
	EndGlobalSection
	GlobalSection(SolutionProperties) = preSolution
		HideSolutionNode = FALSE
	EndGlobalSection
	GlobalSection(ExtensibilityGlobals) = postSolution
		SolutionGuid = {FF7EA3FC-5FDA-4BA4-8E44-4EF4B3285101}
	EndGlobalSection
EndGlobal
